
Microsoft Visual Studio Solution File, Format Version 12.00
# Visual Studio Version 16
VisualStudioVersion = 16.0.29001.49
MinimumVisualStudioVersion = 10.0.40219.1
Project("{FAE04EC0-301F-11D3-BF4B-00C04F79EFBC}") = "ConnectFour", "ConnectFour\ConnectFour.csproj", "{B2DEC43A-DBF5-4218-B902-5B22037E0BCD}"
EndProject
Global
	GlobalSection(SolutionConfigurationPlatforms) = preSolution
		Debug|Any CPU = Debug|Any CPU
		Release|Any CPU = Release|Any CPU
	EndGlobalSection
	GlobalSection(ProjectConfigurationPlatforms) = postSolution
		{B2DEC43A-DBF5-4218-B902-5B22037E0BCD}.Debug|Any CPU.ActiveCfg = Debug|Any CPU
		{B2DEC43A-DBF5-4218-B902-5B22037E0BCD}.Debug|Any CPU.Build.0 = Debug|Any CPU
		{B2DEC43A-DBF5-4218-B902-5B22037E0BCD}.Release|Any CPU.ActiveCfg = Release|Any CPU
		{B2DEC43A-DBF5-4218-B902-5B22037E0BCD}.Release|Any CPU.Build.0 = Release|Any CPU
	EndGlobalSection
	GlobalSection(SolutionProperties) = preSolution
		HideSolutionNode = FALSE
	EndGlobalSection
	GlobalSection(ExtensibilityGlobals) = postSolution
		SolutionGuid = {8E2EAF7D-C234-4CE6-B4CD-3812A71245B8}
	EndGlobalSection
EndGlobal
